github.com/AdaLogics/go-fuzz-headers v0.0.0-20230811130428-ced1acdcaa24 h1:bvDV9vkmnHYOMsOr4WLk+Vo07yKIzd94sVoIqshQ4bU=
github.com/AdaLogics/go-fuzz-headers v0.0.0-20230811130428-ced1acdcaa24/go.mod h1:8o94RPi1/7XTJvwPpRSzSUedZrtlirdB3r9Z20bi2f8=
github.com/Azure/go-ansiterm v0.0.0-20230124172434-306776ec8161 h1:L/gRVlceqvL25UVaW/CKtUDjefjrs0SPonmDGUVOYP0=
github.com/Azure/go-ansiterm v0.0.0-20230124172434-306776ec8161/go.mod h1:xomTg63KZ2rFqZQzSB4Vz2SUXa1BpHTVz9L5PTmPC4E=
github.com/Microsoft/go-winio v0.6.2 h1:F2VQgta7ecxGYO8k3ZZz3RS8fVIXVxONVUPlNERoyfY=
github.com/Microsoft/go-winio v0.6.2/go.mod h1:yd8OoFMLzJbo9gZq8j5qaps8bJ9aShtEA8Ipt1oGCvU=
github.com/armon/circbuf v0.0.0-20190214190532-5111143e8da2 h1:7Ip0wMmLHLRJdrloDxZfhMm0xrLXZS8+COSu2bXmEQs=
github.com/armon/circbuf v0.0.0-20190214190532-5111143e8da2/go.mod h1:3U/XgcO3hCbHZ8TKRvWD2dDTCfh9M9ya+I9JpbB7O8o=
github.com/bradfitz/go-smtpd v0.0.0-20170404230938-deb6d6237625 h1:ckJgFhFWywOx+YLEMIJsTb+NV6NexWICk5+AMSuz3ss=
github.com/bradfitz/go-smtpd v0.0.0-20170404230938-deb6d6237625/go.mod h1:HYsPBTaaSFSlLx/70C2HPIMNZpVV8+vt/A+FMnYP11g=
github.com/containerd/log v0.1.0 h1:TCJt7ioM2cr/tfR8GPbGf9/VRAX8D2B4PjzCpfX540I=
github.com/containerd/log v0.1.0/go.mod h1:VRRf09a7mHDIRezVKTRCrOq78v577GXq3bSa3EhrzVo=
github.com/creack/pty v1.1.9/go.mod h1:oKZEueFk5CKHvIhNR5MUki03XCEU+Q6VDXinZuGJ33E=
github.com/creack/pty v1.1.18 h1:n56/Zwd5o6whRC5PMGretI4IdRLlmBXYNjScPaBgsbY=
github.com/creack/pty v1.1.18/go.mod h1:MOBLtS5ELjhRRrroQr9kyvTxUAFNvYEK993ew/Vr4O4=
github.com/davecgh/go-spew v1.1.0/go.mod h1:J7Y8YcW2NihsgmVo/mv3lAwl/skON4iLHjSsI+c5H38=
github.com/davecgh/go-spew v1.1.1 h1:vj9j/u1bqnvCEfJOwUhtlOARqs3+rkHYY13jYWTU97c=
github.com/davecgh/go-spew v1.1.1/go.mod h1:J7Y8YcW2NihsgmVo/mv3lAwl/skON4iLHjSsI+c5H38=
github.com/docker/docker v27.5.1+incompatible h1:4PYU5dnBYqRQi0294d1FBECqT9ECWeQAIfE8q4YnPY8=
github.com/docker/docker v27.5.1+incompatible/go.mod h1:eEKB0N0r5NX/I1kEveEz05bcu8tLC/8azJZsviup8Sk=
github.com/docker/go-connections v0.5.0 h1:USnMq7hx7gwdVZq1L49hLXaFtUdTADjXGp+uj1Br63c=
github.com/docker/go-connections v0.5.0/go.mod h1:ov60Kzw0kKElRwhNs9UlUHAE/F9Fe6GLaXnqyDdmEXc=
github.com/docker/go-units v0.5.0 h1:69rxXcBk27SvSaaxTtLh/8llcHD8vYHT7WSdRZ/jvr4=
github.com/docker/go-units v0.5.0/go.mod h1:fgPhTUdO+D/Jk86RDLlptpiXQzgHJF7gydDDbaIK4Dk=
github.com/fsouza/go-dockerclient v1.12.0 h1:S2f2crEUbBNCFiF06kR/GvioEB8EMsb3Td/bpawD+aU=
github.com/fsouza/go-dockerclient v1.12.0/go.mod h1:YWUtjg8japrqD/80L98nTtCoxQFp5B5wrSsnyeB5lFo=
github.com/gobs/args v0.0.0-20210311043657-b8c0b223be93 h1:70jFzur8/dg4E5NKFMOPLAxk4wSyGm3vQ+7PuBEoHzE=
github.com/gobs/args v0.0.0-20210311043657-b8c0b223be93/go.mod h1:ZpqkpUmnBz2Jz7hMGSPRbHtYC82FP/IZ1Y7A2riYH0s=
github.com/gogo/protobuf v1.3.2 h1:Ov1cvc58UF3b5XjBnZv7+opcTcQFZebYjWzi34vdm4Q=
github.com/gogo/protobuf v1.3.2/go.mod h1:P1XiOD3dCwIKUDQYPy72D8LYyHL2YPYrpS2s69NZV8Q=
github.com/google/go-cmp v0.6.0 h1:ofyhxvXcZhMsU5ulbFiLKl/XBFqE1GSq7atu8tAmTRI=
github.com/google/go-cmp v0.6.0/go.mod h1:17dUlkBOakJ0+DkrSSNjCkIjxS6bF9zb3elmeNGIjoY=
github.com/gorilla/mux v1.8.1 h1:TuBL49tXwgrFYWhqrNgrUNEY92u81SPhu7sTdzQEiWY=
github.com/gorilla/mux v1.8.1/go.mod h1:AKf9I4AEqPTmMytcMc0KkNouC66V3BtZ4qD5fmWSiMQ=
github.com/jessevdk/go-flags v1.6.1 h1:Cvu5U8UGrLay1rZfv/zP7iLpSHGUZ/Ou68T0iX1bBK4=
github.com/jessevdk/go-flags v1.6.1/go.mod h1:Mk8T1hIAWpOiJiHa9rJASDK2UGWji0EuPGBnNLMooyc=
github.com/kisielk/errcheck v1.5.0/go.mod h1:pFxgyoBC7bSaBwPgfKdkLd5X25qrDl4LWUI2bnpBCr8=
github.com/kisielk/gotool v1.0.0/go.mod h1:XhKaO+MFFWcvkIS/tQcRk01m1F5IRFswLeQ+oQHNcck=
github.com/klauspost/compress v1.17.9 h1:6KIumPrER1LHsvBVuDa0r5xaG0Es51mhhB9BQB2qeMA=
github.com/klauspost/compress v1.17.9/go.mod h1:Di0epgTjJY877eYKx5yC51cX2A2Vl2ibi7bDH9ttBbw=
github.com/kr/pretty v0.2.1/go.mod h1:ipq/a2n7PKx3OHsz4KJII5eveXtPO4qwEXGdVfWzfnI=
github.com/kr/pretty v0.3.1 h1:flRD4NNwYAUpkphVc1HcthR4KEIFJ65n8Mw5qdRn3LE=
github.com/kr/pretty v0.3.1/go.mod h1:hoEshYVHaxMs3cyo3Yncou5ZscifuDolrwPKZanG3xk=
github.com/kr/pty v1.1.1/go.mod h1:pFQYn66WHrOpPYNljwOMqo10TkYh1fy3cYio2l3bCsQ=
github.com/kr/text v0.1.0/go.mod h1:4Jbv+DJW3UT/LiOwJeYQe1efqtUx/iVham/4vfdArNI=
github.com/kr/text v0.2.0 h1:5Nx0Ya0ZqY2ygV366QzturHI13Jq95ApcVaJBhpS+AY=
github.com/kr/text v0.2.0/go.mod h1:eLer722TekiGuMkidMxC/pM04lWEeraHUUmBw8l2grE=
github.com/magefile/mage v1.15.0 h1:BvGheCMAsG3bWUDbZ8AyXXpCNwU9u5CB6sM+HNb9HYg=
github.com/magefile/mage v1.15.0/go.mod h1:z5UZb/iS3GoOSn0JgWuiw7dxlurVYTu+/jHXqQg881A=
github.com/mcuadros/go-defaults v1.2.0 h1:FODb8WSf0uGaY8elWJAkoLL0Ri6AlZ1bFlenk56oZtc=
github.com/mcuadros/go-defaults v1.2.0/go.mod h1:WEZtHEVIGYVDqkKSWBdWKUVdRyKlMfulPaGDWIVeCWY=
github.com/mitchellh/mapstructure v1.5.0 h1:jeMsZIYE/09sWLaz43PL7Gy6RuMjD2eJVyuac5Z2hdY=
github.com/mitchellh/mapstructure v1.5.0/go.mod h1:bFUtVrKA4DC2yAKiSyO/QUcy7e+RRV2QTWOzhPopBRo=
github.com/moby/docker-image-spec v1.3.1 h1:jMKff3w6PgbfSa69GfNg+zN/XLhfXJGnEx3Nl2EsFP0=
github.com/moby/docker-image-spec v1.3.1/go.mod h1:eKmb5VW8vQEh/BAr2yvVNvuiJuY6UIocYsFu/DxxRpo=
github.com/moby/patternmatcher v0.6.0 h1:GmP9lR19aU5GqSSFko+5pRqHi+Ohk1O69aFiKkVGiPk=
github.com/moby/patternmatcher v0.6.0/go.mod h1:hDPoyOpDY7OrrMDLaYoY3hf52gNCR/YOUYxkhApJIxc=
github.com/moby/sys/sequential v0.5.0 h1:OPvI35Lzn9K04PBbCLW0g4LcFAJgHsvXsRyewg5lXtc=
github.com/moby/sys/sequential v0.5.0/go.mod h1:tH2cOOs5V9MlPiXcQzRC+eEyab644PWKGRYaaV5ZZlo=
github.com/moby/sys/user v0.1.0 h1:WmZ93f5Ux6het5iituh9x2zAG7NFY9Aqi49jjE1PaQg=
github.com/moby/sys/user v0.1.0/go.mod h1:fKJhFOnsCN6xZ5gSfbM6zaHGgDJMrqt9/reuj4T7MmU=
github.com/moby/sys/userns v0.1.0 h1:tVLXkFOxVu9A64/yh59slHVv9ahO9UIev4JZusOLG/g=
github.com/moby/sys/userns v0.1.0/go.mod h1:IHUYgu/kao6N8YZlp9Cf444ySSvCmDlmzUcYfDHOl28=
github.com/moby/term v0.5.0 h1:xt8Q1nalod/v7BqbG21f8mQPqH+xAaC9C3N3wfWbVP0=
github.com/moby/term v0.5.0/go.mod h1:8FzsFHVUBGZdbDsJw/ot+X+d5HLUbvklYLJ9uGfcI3Y=
github.com/morikuni/aec v1.0.0 h1:nP9CBfwrvYnBRgY6qfDQkygYDmYwOilePFkwzv4dU8A=
github.com/morikuni/aec v1.0.0/go.mod h1:BbKIizmSmc5MMPqRYbxO4ZU0S0+P200+tUnFx7PXmsc=
github.com/niemeyer/pretty v0.0.0-20200227124842-a10e7caefd8e/go.mod h1:zD1mROLANZcx1PVRCS0qkT7pwLkGfwJo4zjcN/Tysno=
github.com/op/go-logging v0.0.0-20160315200505-970db520ece7 h1:lDH9UUVJtmYCjyT0CI4q8xvlXPxeZ0gYCVvWbmPlp88=
github.com/op/go-logging v0.0.0-20160315200505-970db520ece7/go.mod h1:HzydrMdWErDVzsI23lYNej1Htcns9BCg93Dk0bBINWk=
github.com/opencontainers/go-digest v1.0.0 h1:apOUWs51W5PlhuyGyz9FCeeBIOUDA/6nW8Oi/yOhh5U=
github.com/opencontainers/go-digest v1.0.0/go.mod h1:0JzlMkj0TRzQZfJkVvzbP0HBR3IKzErnv2BNG4W4MAM=
github.com/opencontainers/image-spec v1.1.0 h1:8SG7/vwALn54lVB/0yZ/MMwhFrPYtpEHQb2IpWsCzug=
github.com/opencontainers/image-spec v1.1.0/go.mod h1:W4s4sFTMaBeK1BQLXbG4AdM2szdn85PY75RI83NrTrM=
github.com/pkg/diff v0.0.0-20210226163009-20ebb0f2a09e/go.mod h1:pJLUxLENpZxwdsKMEsNbx1VGcRFpLqf3715MtcvvzbA=
github.com/pkg/errors v0.9.1 h1:FEBLx1zS214owpjy7qsBeixbURkuhQAwrK5UwLGTwt4=
github.com/pkg/errors v0.9.1/go.mod h1:bwawxfHBFNV+L2hUp1rHADufV3IMtnDRdf1r5NINEl0=
github.com/pmezard/go-difflib v1.0.0 h1:4DBwDE0NGyQoBHbLQYPwSUPoCMWR5BEzIk/f1lZbAQM=
github.com/pmezard/go-difflib v1.0.0/go.mod h1:iKH77koFhYxTK1pcRnkKkqfTogsbg7gZNVY4sRDYZ/4=
github.com/robfig/cron v1.2.0 h1:ZjScXvvxeQ63Dbyxy76Fj3AT3Ut0aKsyd2/tl3DTMuQ=
github.com/robfig/cron v1.2.0/go.mod h1:JGuDeoQd7Z6yL4zQhZ3OPEVHB7fL6Ka6skscFHfmt2k=
github.com/rogpeppe/go-internal v1.9.0/go.mod h1:WtVeX8xhTBvf0smdhujwtBcq4Qrzq/fJaraNFVN+nFs=
github.com/rogpeppe/go-internal v1.12.0 h1:exVL4IDcn6na9z1rAb56Vxr+CgyK3nn3O+epU5NdKM8=
github.com/rogpeppe/go-internal v1.12.0/go.mod h1:E+RYuTGaKKdloAfM02xzb0FW3Paa99yedzYV+kq4uf4=
github.com/sirupsen/logrus v1.9.3 h1:dueUQJ1C2q9oE3F7wvmSGAaVtTmUizReu6fjN8uqzbQ=
github.com/sirupsen/logrus v1.9.3/go.mod h1:naHLuLoDiP4jHNo9R0sCBMtWGeIprob74mVsIT4qYEQ=
github.com/stretchr/objx v0.1.0/go.mod h1:HFkY916IF+rwdDfMAkV7OtwuqBVzrE8GR6GFx+wExME=
github.com/stretchr/testify v1.7.0/go.mod h1:6Fq8oRcR53rry900zMqJjRRixrwX3KX962/h/Wwjteg=
github.com/stretchr/testify v1.8.4 h1:CcVxjf3Q8PM0mHUKJCdn+eZZtm5yQwehR5yeSVQQcUk=
github.com/stretchr/testify v1.8.4/go.mod h1:sz/lmYIOXD/1dqDmKjjqLyZ2RngseejIcXlSw2iwfAo=
github.com/yuin/goldmark v1.1.27/go.mod h1:3hX8gzYuyVAZsxl0MRgGTJEmQBFcNTphYh9decYSb74=
github.com/yuin/goldmark v1.2.1/go.mod h1:3hX8gzYuyVAZsxl0MRgGTJEmQBFcNTphYh9decYSb74=
golang.org/x/crypto v0.0.0-20190308221718-c2843e01d9a2/go.mod h1:djNgcEr1/C05ACkg1iLfiJU5Ep61QUkGW8qpdssI0+w=
golang.org/x/crypto v0.0.0-20191011191535-87dc89f01550/go.mod h1:yigFU9vqHzYiE8UmvKecakEJjdnWj3jj499lnFckfCI=
golang.org/x/crypto v0.0.0-20200622213623-75b288015ac9/go.mod h1:LzIPMQfyMNhhGPhUkYOs5KpL4U8rLKemX1yGLhDgUto=
golang.org/x/mod v0.2.0/go.mod h1:s0Qsj1ACt9ePp/hMypM3fl4fZqREWJwdYDEqhRiZZUA=
golang.org/x/mod v0.3.0/go.mod h1:s0Qsj1ACt9ePp/hMypM3fl4fZqREWJwdYDEqhRiZZUA=
golang.org/x/net v0.0.0-20190404232315-eb5bcb51f2a3/go.mod h1:t9HGtf8HONx5eT2rtn7q6eTqICYqUVnKs3thJo3Qplg=
golang.org/x/net v0.0.0-20190620200207-3b0461eec859/go.mod h1:z5CRVTTTmAJ677TzLLGU+0bjPO0LkuOLi4/5GtJWs/s=
golang.org/x/net v0.0.0-20200226121028-0de0cce0169b/go.mod h1:z5CRVTTTmAJ677TzLLGU+0bjPO0LkuOLi4/5GtJWs/s=
golang.org/x/net v0.0.0-20201021035429-f5854403a974/go.mod h1:sp8m0HH+o8qH0wwXwYZr8TS3Oi6o0r6Gce1SSxlDquU=
golang.org/x/sync v0.0.0-20190423024810-112230192c58/go.mod h1:RxMgew5VJxzue5/jJTE5uejpjVlOe/izrB70Jof72aM=
golang.org/x/sync v0.0.0-20190911185100-cd5d95a43a6e/go.mod h1:RxMgew5VJxzue5/jJTE5uejpjVlOe/izrB70Jof72aM=
golang.org/x/sync v0.0.0-20201020160332-67f06af15bc9/go.mod h1:RxMgew5VJxzue5/jJTE5uejpjVlOe/izrB70Jof72aM=
golang.org/x/sys v0.0.0-20190215142949-d0b11bdaac8a/go.mod h1:STP8DvDyc/dI5b8T5hshtkjS+E42TnysNCUPdjciGhY=
golang.org/x/sys v0.0.0-20190412213103-97732733099d/go.mod h1:h1NjWce9XRLGQEsW7wpKNCjG9DtNlClVuFLEZdDNbEs=
golang.org/x/sys v0.0.0-20200930185726-fdedc70b468f/go.mod h1:h1NjWce9XRLGQEsW7wpKNCjG9DtNlClVuFLEZdDNbEs=
golang.org/x/sys v0.0.0-20210616094352-59db8d763f22/go.mod h1:oPkhp1MJrh7nUepCBck5+mAzfO9JrbApNNgaTdGDITg=
golang.org/x/sys v0.0.0-20220715151400-c0bba94af5f8/go.mod h1:oPkhp1MJrh7nUepCBck5+mAzfO9JrbApNNgaTdGDITg=
golang.org/x/sys v0.23.0 h1:YfKFowiIMvtgl1UERQoTPPToxltDeZfbj4H7dVUCwmM=
golang.org/x/sys v0.23.0/go.mod h1:/VUhepiaJMQUp4+oa/7Zr1D23ma6VTLIYjOOTFZPUcA=
golang.org/x/term v0.23.0 h1:F6D4vR+EHoL9/sWAWgAR1H2DcHr4PareCbAaCo1RpuU=
golang.org/x/term v0.23.0/go.mod h1:DgV24QBUrK6jhZXl+20l6UWznPlwAHm1Q1mGHtydmSk=
golang.org/x/text v0.3.0/go.mod h1:NqM8EUOU14njkJ3fqMW+pc6Ldnwhi/IjpwHt7yyuwOQ=
golang.org/x/text v0.3.3/go.mod h1:5Zoc/QRtKVWzQhOtBMvqHzDpF6irO9z98xDceosuGiQ=
golang.org/x/tools v0.0.0-20180917221912-90fa682c2a6e/go.mod h1:n7NCudcB/nEzxVGmLbDWY5pfWTLqBcC2KZ6jyYvM4mQ=
golang.org/x/tools v0.0.0-20191119224855-298f0cb1881e/go.mod h1:b+2E5dAYhXwXZwtnZ6UAqBI28+e2cm9otk0dWdXHAEo=
golang.org/x/tools v0.0.0-20200619180055-7c47624df98f/go.mod h1:EkVYQZoAsY45+roYkvgYkIh4xh/qjgUK9TdY2XT94GE=
golang.org/x/tools v0.0.0-20210106214847-113979e3529a/go.mod h1:emZCQorbCU4vsT4fOWvOPXz4eW1wZW4PmDk9uLelYpA=
golang.org/x/xerrors v0.0.0-20190717185122-a985d3407aa7/go.mod h1:I/5z698sn9Ka8TeJc9MKroUUfqBBauWjQqLJ2OPfmY0=
golang.org/x/xerrors v0.0.0-20191011141410-1b5146add898/go.mod h1:I/5z698sn9Ka8TeJc9MKroUUfqBBauWjQqLJ2OPfmY0=
golang.org/x/xerrors v0.0.0-20191204190536-9bdfabe68543/go.mod h1:I/5z698sn9Ka8TeJc9MKroUUfqBBauWjQqLJ2OPfmY0=
golang.org/x/xerrors v0.0.0-20200804184101-5ec99f83aff1/go.mod h1:I/5z698sn9Ka8TeJc9MKroUUfqBBauWjQqLJ2OPfmY0=
gopkg.in/alexcesaro/quotedprintable.v3 v3.0.0-20150716171945-2caba252f4dc h1:2gGKlE2+asNV9m7xrywl36YYNnBG5ZQ0r/BOOxqPpmk=
gopkg.in/alexcesaro/quotedprintable.v3 v3.0.0-20150716171945-2caba252f4dc/go.mod h1:m7x9LTH6d71AHyAX77c9yqWCCa3UKHcVEj9y7hAtKDk=
gopkg.in/check.v1 v0.0.0-20161208181325-20d25e280405/go.mod h1:Co6ibVJAznAaIkqp8huTwlJQCZ016jof/cbN4VW5Yz0=
gopkg.in/check.v1 v1.0.0-20200227125254-8fa46927fb4f/go.mod h1:Co6ibVJAznAaIkqp8huTwlJQCZ016jof/cbN4VW5Yz0=
gopkg.in/check.v1 v1.0.0-20201130134442-10cb98267c6c h1:Hei/4ADfdWqJk1ZMxUNpqntNwaWcugrBjAiHlqqRiVk=
gopkg.in/check.v1 v1.0.0-20201130134442-10cb98267c6c/go.mod h1:JHkPIbrfpd72SG/EVd6muEfDQjcINNoR0C8j2r3qZ4Q=
gopkg.in/gcfg.v1 v1.2.3 h1:m8OOJ4ccYHnx2f4gQwpno8nAX5OGOh7RLaaz0pj3Ogs=
gopkg.in/gcfg.v1 v1.2.3/go.mod h1:yesOnuUOFQAhST5vPY4nbZsb/huCgGGXlipJsBn0b3o=
gopkg.in/gomail.v2 v2.0.0-20160411212932-81ebce5c23df h1:n7WqCuqOuCbNr617RXOY0AWRXxgwEyPp2z+p0+hgMuE=
gopkg.in/gomail.v2 v2.0.0-20160411212932-81ebce5c23df/go.mod h1:LRQQ+SO6ZHR7tOkpBDuZnXENFzX8qRjMDMyPD6BRkCw=
gopkg.in/warnings.v0 v0.1.2 h1:wFXVbFY8DY5/xOe1ECiWdKCzZlxgshcYVNkBHstARME=
gopkg.in/warnings.v0 v0.1.2/go.mod h1:jksf8JmL6Qr/oQM2OXTHunEvvTAsrWBLb6OOjuVWRNI=
gopkg.in/yaml.v3 v3.0.0-20200313102051-9f266ea9e77c/go.mod h1:K4uyk7z7BCEPqu6E+C64Yfv1cQ7kz7rIZviUmN+EgEM=
gopkg.in/yaml.v3 v3.0.1 h1:fxVm/GzAzEWqLHuvctI91KS9hhNmmWOoWu0XTYJS7CA=
gopkg.in/yaml.v3 v3.0.1/go.mod h1:K4uyk7z7BCEPqu6E+C64Yfv1cQ7kz7rIZviUmN+EgEM=
gotest.tools/v3 v3.5.1 h1:EENdUnS3pdur5nybKYIh2Vfgc8IUNBjxDPSjtiJcOzU=
gotest.tools/v3 v3.5.1/go.mod h1:isy3WKz7GK6uNw/sbHzfKBLvlvXwUyV06n6brMxxopU=
